// !$*UTF8*$!
{
	archiveVersion = 1;
	classes = {
	};
	objectVersion = 50;
	objects = {

/* Begin PBXBuildFile section */
		362CC91822406F5B00473EDA /* AppDelegate.swift in Sources */ = {isa = PBXBuildFile; fileRef = 362CC91722406F5B00473EDA /* AppDelegate.swift */; };
		362CC91D22406F5B00473EDA /* Main.storyboard in Resources */ = {isa = PBXBuildFile; fileRef = 362CC91B22406F5B00473EDA /* Main.storyboard */; };
		362CC91F22406F5F00473EDA /* Assets.xcassets in Resources */ = {isa = PBXBuildFile; fileRef = 362CC91E22406F5F00473EDA /* Assets.xcassets */; };
		362CC92222406F5F00473EDA /* LaunchScreen.storyboard in Resources */ = {isa = PBXBuildFile; fileRef = 362CC92022406F5F00473EDA /* LaunchScreen.storyboard */; };
		362CC92A224070AE00473EDA /* CardVC.swift in Sources */ = {isa = PBXBuildFile; fileRef = 362CC929224070AE00473EDA /* CardVC.swift */; };
		362CC92E224076F700473EDA /* CardTVCell.swift in Sources */ = {isa = PBXBuildFile; fileRef = 362CC92D224076F700473EDA /* CardTVCell.swift */; };
		362CC9312240832200473EDA /* Card.swift in Sources */ = {isa = PBXBuildFile; fileRef = 362CC9302240832200473EDA /* Card.swift */; };
/* End PBXBuildFile section */

/* Begin PBXFileReference section */
		362CC91422406F5B00473EDA /* Table View - Cards.app */ = {isa = PBXFileReference; explicitFileType = wrapper.application; includeInIndex = 0; path = "Table View - Cards.app"; sourceTree = BUILT_PRODUCTS_DIR; };
		362CC91722406F5B00473EDA /* AppDelegate.swift */ = {isa = PBXFileReference; lastKnownFileType = sourcecode.swift; path = AppDelegate.swift; sourceTree = "<group>"; };
		362CC91C22406F5B00473EDA /* Base */ = {isa = PBXFileReference; lastKnownFileType = file.storyboard; name = Base; path = Base.lproj/Main.storyboard; sourceTree = "<group>"; };
		362CC91E22406F5F00473EDA /* Assets.xcassets */ = {isa = PBXFileReference; lastKnownFileType = folder.assetcatalog; path = Assets.xcassets; sourceTree = "<group>"; };
		362CC92122406F5F00473EDA /* Base */ = {isa = PBXFileReference; lastKnownFileType = file.storyboard; name = Base; path = Base.lproj/LaunchScreen.storyboard; sourceTree = "<group>"; };
		362CC92322406F5F00473EDA /* Info.plist */ = {isa = PBXFileReference; lastKnownFileType = text.plist.xml; path = Info.plist; sourceTree = "<group>"; };
		362CC929224070AE00473EDA /* CardVC.swift */ = {isa = PBXFileReference; lastKnownFileType = sourcecode.swift; path = CardVC.swift; sourceTree = "<group>"; };
		362CC92D224076F700473EDA /* CardTVCell.swift */ = {isa = PBXFileReference; lastKnownFileType = sourcecode.swift; path = CardTVCell.swift; sourceTree = "<group>"; };
		362CC9302240832200473EDA /* Card.swift */ = {isa = PBXFileReference; lastKnownFileType = sourcecode.swift; path = Card.swift; sourceTree = "<group>"; };
/* End PBXFileReference section */

/* Begin PBXFrameworksBuildPhase section */
		362CC91122406F5B00473EDA /* Frameworks */ = {
			isa = PBXFrameworksBuildPhase;
			buildActionMask = 2147483647;
			files = (
			);
			runOnlyForDeploymentPostprocessing = 0;
		};
/* End PBXFrameworksBuildPhase section */

/* Begin PBXGroup section */
		362CC90B22406F5B00473EDA = {
			isa = PBXGroup;
			children = (
				362CC91622406F5B00473EDA /* Table View - Cards */,
				362CC91522406F5B00473EDA /* Products */,
			);
			sourceTree = "<group>";
		};
		362CC91522406F5B00473EDA /* Products */ = {
			isa = PBXGroup;
			children = (
				362CC91422406F5B00473EDA /* Table View - Cards.app */,
			);
			name = Products;
			sourceTree = "<group>";
		};
		362CC91622406F5B00473EDA /* Table View - Cards */ = {
			isa = PBXGroup;
			children = (
				362CC91722406F5B00473EDA /* AppDelegate.swift */,
				362CC92322406F5F00473EDA /* Info.plist */,
				362CC92C224070E100473EDA /* Models */,
				362CC92F2240771500473EDA /* Cells */,
				362CC92B224070B900473EDA /* View Controllers */,
				362CC91B22406F5B00473EDA /* Main.storyboard */,
				362CC91E22406F5F00473EDA /* Assets.xcassets */,
				362CC92022406F5F00473EDA /* LaunchScreen.storyboard */,
			);
			path = "Table View - Cards";
			sourceTree = "<group>";
		};
		362CC92B224070B900473EDA /* View Controllers */ = {
			isa = PBXGroup;
			children = (
				362CC929224070AE00473EDA /* CardVC.swift */,
			);
			path = "View Controllers";
			sourceTree = "<group>";
		};
		362CC92C224070E100473EDA /* Models */ = {
			isa = PBXGroup;
			children = (
				362CC9302240832200473EDA /* Card.swift */,
			);
			path = Models;
			sourceTree = "<group>";
		};
		362CC92F2240771500473EDA /* Cells */ = {
			isa = PBXGroup;
			children = (
				362CC92D224076F700473EDA /* CardTVCell.swift */,
			);
			path = Cells;
			sourceTree = "<group>";
		};
/* End PBXGroup section */

/* Begin PBXNativeTarget section */
		362CC91322406F5B00473EDA /* Table View - Cards */ = {
			isa = PBXNativeTarget;
			buildConfigurationList = 362CC92622406F5F00473EDA /* Build configuration list for PBXNativeTarget "Table View - Cards" */;
			buildPhases = (
				362CC91022406F5B00473EDA /* Sources */,
				362CC91122406F5B00473EDA /* Frameworks */,
				362CC91222406F5B00473EDA /* Resources */,
			);
			buildRules = (
			);
			dependencies = (
			);
			name = "Table View - Cards";
			productName = "Table View - Cards";
			productReference = 362CC91422406F5B00473EDA /* Table View - Cards.app */;
			productType = "com.apple.product-type.application";
		};
/* End PBXNativeTarget section */

/* Begin PBXProject section */
		362CC90C22406F5B00473EDA /* Project object */ = {
			isa = PBXProject;
			attributes = {
				LastSwiftUpdateCheck = 1010;
				LastUpgradeCheck = 1010;
				ORGANIZATIONNAME = "The Duke";
				TargetAttributes = {
					362CC91322406F5B00473EDA = {
						CreatedOnToolsVersion = 10.1;
					};
				};
			};
			buildConfigurationList = 362CC90F22406F5B00473EDA /* Build configuration list for PBXProject "Table View - Cards" */;
			compatibilityVersion = "Xcode 9.3";
			developmentRegion = en;
			hasScannedForEncodings = 0;
			knownRegions = (
				en,
				Base,
			);
			mainGroup = 362CC90B22406F5B00473EDA;
			productRefGroup = 362CC91522406F5B00473EDA /* Products */;
			projectDirPath = "";
			projectRoot = "";
			targets = (
				362CC91322406F5B00473EDA /* Table View - Cards */,
			);
		};
/* End PBXProject section */

/* Begin PBXResourcesBuildPhase section */
		362CC91222406F5B00473EDA /* Resources */ = {
			isa = PBXResourcesBuildPhase;
			buildActionMask = 2147483647;
			files = (
				362CC92222406F5F00473EDA /* LaunchScreen.storyboard in Resources */,
				362CC91F22406F5F00473EDA /* Assets.xcassets in Resources */,
				362CC91D22406F5B00473EDA /* Main.storyboard in Resources */,
			);
			runOnlyForDeploymentPostprocessing = 0;
		};
/* End PBXResourcesBuildPhase section */

/* Begin PBXSourcesBuildPhase section */
		362CC91022406F5B00473EDA /* Sources */ = {
			isa = PBXSourcesBuildPhase;
			buildActionMask = 2147483647;
			files = (
				362CC92A224070AE00473EDA /* CardVC.swift in Sources */,
				362CC92E224076F700473EDA /* CardTVCell.swift in Sources */,
				362CC91822406F5B00473EDA /* AppDelegate.swift in Sources */,
				362CC9312240832200473EDA /* Card.swift in Sources */,
			);
			runOnlyForDeploymentPostprocessing = 0;
		};
/* End PBXSourcesBuildPhase section */

/* Begin PBXVariantGroup section */
		362CC91B22406F5B00473EDA /* Main.storyboard */ = {
			isa = PBXVariantGroup;
			children = (
				362CC91C22406F5B00473EDA /* Base */,
			);
			name = Main.storyboard;
			sourceTree = "<group>";
		};
		362CC92022406F5F00473EDA /* LaunchScreen.storyboard */ = {
			isa = PBXVariantGroup;
			children = (
				362CC92122406F5F00473EDA /* Base */,
			);
			name = LaunchScreen.storyboard;
			sourceTree = "<group>";
		};
/* End PBXVariantGroup section */

/* Begin XCBuildConfiguration section */
		362CC92422406F5F00473EDA /* Debug */ = {
			isa = XCBuildConfiguration;
			buildSettings = {
				ALWAYS_SEARCH_USER_PATHS = NO;
				CLANG_ANALYZER_NONNULL = YES;
				CLANG_ANALYZER_NUMBER_OBJECT_CONVERSION = YES_AGGRESSIVE;
				CLANG_CXX_LANGUAGE_STANDARD = "gnu++14";
				CLANG_CXX_LIBRARY = "libc++";
				CLANG_ENABLE_MODULES = YES;
				CLANG_ENABLE_OBJC_ARC = YES;
				CLANG_ENABLE_OBJC_WEAK = YES;
				CLANG_WARN_BLOCK_CAPTURE_AUTORELEASING = YES;
				CLANG_WARN_BOOL_CONVERSION = YES;
				CLANG_WARN_COMMA = YES;
				CLANG_WARN_CONSTANT_CONVERSION = YES;
				CLANG_WARN_DEPRECATED_OBJC_IMPLEMENTATIONS = YES;
				CLANG_WARN_DIRECT_OBJC_ISA_USAGE = YES_ERROR;
				CLANG_WARN_DOCUMENTATION_COMMENTS = YES;
				CLANG_WARN_EMPTY_BODY = YES;
				CLANG_WARN_ENUM_CONVERSION = YES;
				CLANG_WARN_INFINITE_RECURSION = YES;
				CLANG_WARN_INT_CONVERSION = YES;
				CLANG_WARN_NON_LITERAL_NULL_CONVERSION = YES;
				CLANG_WARN_OBJC_IMPLICIT_RETAIN_SELF = YES;
				CLANG_WARN_OBJC_LITERAL_CONVERSION = YES;
				CLANG_WARN_OBJC_ROOT_CLASS = YES_ERROR;
				CLANG_WARN_RANGE_LOOP_ANALYSIS = YES;
				CLANG_WARN_STRICT_PROTOTYPES = YES;
				CLANG_WARN_SUSPICIOUS_MOVE = YES;
				CLANG_WARN_UNGUARDED_AVAILABILITY = YES_AGGRESSIVE;
				CLANG_WARN_UNREACHABLE_CODE = YES;
				CLANG_WARN__DUPLICATE_METHOD_MATCH = YES;
				CODE_SIGN_IDENTITY = "iPhone Developer";
				COPY_PHASE_STRIP = NO;
				DEBUG_INFORMATION_FORMAT = dwarf;
				ENABLE_STRICT_OBJC_MSGSEND = YES;
				ENABLE_TESTABILITY = YES;
				GCC_C_LANGUAGE_STANDARD = gnu11;
				GCC_DYNAMIC_NO_PIC = NO;
				GCC_NO_COMMON_BLOCKS = YES;
				GCC_OPTIMIZATION_LEVEL = 0;
				GCC_PREPROCESSOR_DEFINITIONS = (
					"DEBUG=1",
					"$(inherited)",
				);
				GCC_WARN_64_TO_32_BIT_CONVERSION = YES;
				GCC_WARN_ABOUT_RETURN_TYPE = YES_ERROR;
				GCC_WARN_UNDECLARED_SELECTOR = YES;
				GCC_WARN_UNINITIALIZED_AUTOS = YES_AGGRESSIVE;
				GCC_WARN_UNUSED_FUNCTION = YES;
				GCC_WARN_UNUSED_VARIABLE = YES;
				IPHONEOS_DEPLOYMENT_TARGET = 12.1;
				MTL_ENABLE_DEBUG_INFO = INCLUDE_SOURCE;
				MTL_FAST_MATH = YES;
				ONLY_ACTIVE_ARCH = YES;
				SDKROOT = iphoneos;
				SWIFT_ACTIVE_COMPILATION_CONDITIONS = DEBUG;
				SWIFT_OPTIMIZATION_LEVEL = "-Onone";
			};
			name = Debug;
		};
		362CC92522406F5F00473EDA /* Release */ = {
			isa = XCBuildConfiguration;
			buildSettings = {
				ALWAYS_SEARCH_USER_PATHS = NO;
				CLANG_ANALYZER_NONNULL = YES;
				CLANG_ANALYZER_NUMBER_OBJECT_CONVERSION = YES_AGGRESSIVE;
				CLANG_CXX_LANGUAGE_STANDARD = "gnu++14";
				CLANG_CXX_LIBRARY = "libc++";
				CLANG_ENABLE_MODULES = YES;
				CLANG_ENABLE_OBJC_ARC = YES;
				CLANG_ENABLE_OBJC_WEAK = YES;
				CLANG_WARN_BLOCK_CAPTURE_AUTORELEASING = YES;
				CLANG_WARN_BOOL_CONVERSION = YES;
				CLANG_WARN_COMMA = YES;
				CLANG_WARN_CONSTANT_CONVERSION = YES;
				CLANG_WARN_DEPRECATED_OBJC_IMPLEMENTATIONS = YES;
				CLANG_WARN_DIRECT_OBJC_ISA_USAGE = YES_ERROR;
				CLANG_WARN_DOCUMENTATION_COMMENTS = YES;
				CLANG_WARN_EMPTY_BODY = YES;
				CLANG_WARN_ENUM_CONVERSION = YES;
				CLANG_WARN_INFINITE_RECURSION = YES;
				CLANG_WARN_INT_CONVERSION = YES;
				CLANG_WARN_NON_LITERAL_NULL_CONVERSION = YES;
				CLANG_WARN_OBJC_IMPLICIT_RETAIN_SELF = YES;
				CLANG_WARN_OBJC_LITERAL_CONVERSION = YES;
				CLANG_WARN_OBJC_ROOT_CLASS = YES_ERROR;
				CLANG_WARN_RANGE_LOOP_ANALYSIS = YES;
				CLANG_WARN_STRICT_PROTOTYPES = YES;
				CLANG_WARN_SUSPICIOUS_MOVE = YES;
				CLANG_WARN_UNGUARDED_AVAILABILITY = YES_AGGRESSIVE;
				CLANG_WARN_UNREACHABLE_CODE = YES;
				CLANG_WARN__DUPLICATE_METHOD_MATCH = YES;
				CODE_SIGN_IDENTITY = "iPhone Developer";
				COPY_PHASE_STRIP = NO;
				DEBUG_INFORMATION_FORMAT = "dwarf-with-dsym";
				ENABLE_NS_ASSERTIONS = NO;
				ENABLE_STRICT_OBJC_MSGSEND = YES;
				GCC_C_LANGUAGE_STANDARD = gnu11;
				GCC_NO_COMMON_BLOCKS = YES;
				GCC_WARN_64_TO_32_BIT_CONVERSION = YES;
				GCC_WARN_ABOUT_RETURN_TYPE = YES_ERROR;
				GCC_WARN_UNDECLARED_SELECTOR = YES;
				GCC_WARN_UNINITIALIZED_AUTOS = YES_AGGRESSIVE;
				GCC_WARN_UNUSED_FUNCTION = YES;
				GCC_WARN_UNUSED_VARIABLE = YES;
				IPHONEOS_DEPLOYMENT_TARGET = 12.1;
				MTL_ENABLE_DEBUG_INFO = NO;
				MTL_FAST_MATH = YES;
				SDKROOT = iphoneos;
				SWIFT_COMPILATION_MODE = wholemodule;
				SWIFT_OPTIMIZATION_LEVEL = "-O";
				VALIDATE_PRODUCT = YES;
			};
			name = Release;
		};
		362CC92722406F5F00473EDA /* Debug */ = {
			isa = XCBuildConfiguration;
			buildSettings = {
				ASSETCATALOG_COMPILER_APPICON_NAME = AppIcon;
				CODE_SIGN_STYLE = Automatic;
				DEVELOPMENT_TEAM = PKPCSNSG45;
				INFOPLIST_FILE = "Table View - Cards/Info.plist";
				LD_RUNPATH_SEARCH_PATHS = (
					"$(inherited)",
					"@executable_path/Frameworks",
				);
				PRODUCT_BUNDLE_IDENTIFIER = "com.example.Table-View---Cards";
				PRODUCT_NAME = "$(TARGET_NAME)";
				SWIFT_VERSION = 4.2;
				TARGETED_DEVICE_FAMILY = "1,2";
			};
			name = Debug;
		};
		362CC92822406F5F00473EDA /* Release */ = {
			isa = XCBuildConfiguration;
			buildSettings = {
				ASSETCATALOG_COMPILER_APPICON_NAME = AppIcon;
				CODE_SIGN_STYLE = Automatic;
				DEVELOPMENT_TEAM = PKPCSNSG45;
				INFOPLIST_FILE = "Table View - Cards/Info.plist";
				LD_RUNPATH_SEARCH_PATHS = (
					"$(inherited)",
					"@executable_path/Frameworks",
				);
				PRODUCT_BUNDLE_IDENTIFIER = "com.example.Table-View---Cards";
				PRODUCT_NAME = "$(TARGET_NAME)";
				SWIFT_VERSION = 4.2;
				TARGETED_DEVICE_FAMILY = "1,2";
			};
			name = Release;
		};
/* End XCBuildConfiguration section */

/* Begin XCConfigurationList section */
		362CC90F22406F5B00473EDA /* Build configuration list for PBXProject "Table View - Cards" */ = {
			isa = XCConfigurationList;
			buildConfigurations = (
				362CC92422406F5F00473EDA /* Debug */,
				362CC92522406F5F00473EDA /* Release */,
			);
			defaultConfigurationIsVisible = 0;
			defaultConfigurationName = Release;
		};
		362CC92622406F5F00473EDA /* Build configuration list for PBXNativeTarget "Table View - Cards" */ = {
			isa = XCConfigurationList;
			buildConfigurations = (
				362CC92722406F5F00473EDA /* Debug */,
				362CC92822406F5F00473EDA /* Release */,
			);
			defaultConfigurationIsVisible = 0;
			defaultConfigurationName = Release;
		};
/* End XCConfigurationList section */
	};
	rootObject = 362CC90C22406F5B00473EDA /* Project object */;
}
